
Microsoft Visual Studio Solution File, Format Version 12.00
# Visual Studio Version 17
VisualStudioVersion = 17.9.34701.34
MinimumVisualStudioVersion = 10.0.40219.1
Project("{FAE04EC0-301F-11D3-BF4B-00C04F79EFBC}") = "SISHBCC", "SISHBCC\SISHBCC.csproj", "{B36A1B84-C466-4BC4-91BC-F4E008D95E87}"
EndProject
Global
	GlobalSection(SolutionConfigurationPlatforms) = preSolution
		Debug|Any CPU = Debug|Any CPU
		Release|Any CPU = Release|Any CPU
	EndGlobalSection
	GlobalSection(ProjectConfigurationPlatforms) = postSolution
		{B36A1B84-C466-4BC4-91BC-F4E008D95E87}.Debug|Any CPU.ActiveCfg = Debug|Any CPU
		{B36A1B84-C466-4BC4-91BC-F4E008D95E87}.Debug|Any CPU.Build.0 = Debug|Any CPU
		{B36A1B84-C466-4BC4-91BC-F4E008D95E87}.Release|Any CPU.ActiveCfg = Release|Any CPU
		{B36A1B84-C466-4BC4-91BC-F4E008D95E87}.Release|Any CPU.Build.0 = Release|Any CPU
	EndGlobalSection
	GlobalSection(SolutionProperties) = preSolution
		HideSolutionNode = FALSE
	EndGlobalSection
	GlobalSection(ExtensibilityGlobals) = postSolution
		SolutionGuid = {A661B110-5595-4575-8C21-BF09F3163665}
	EndGlobalSection
EndGlobal
